PODS:
  - AFMActionSheet (0.1.0)
  - FBSnapshotTestCase (2.0.7):
    - FBSnapshotTestCase/SwiftSupport (= 2.0.7)
  - FBSnapshotTestCase/Core (2.0.7)
  - FBSnapshotTestCase/SwiftSupport (2.0.7):
    - FBSnapshotTestCase/Core
  - Nimble (3.1.0)
  - Nimble-Snapshots (3.0.0):
    - FBSnapshotTestCase (~> 2.0.7)
    - Nimble
    - Quick
  - Quick (0.9.1)

DEPENDENCIES:
  - AFMActionSheet (from `../`)
  - FBSnapshotTestCase
  - Nimble
  - Nimble-Snapshots
  - Quick

EXTERNAL SOURCES:
  AFMActionSheet:
    :path: "../"

SPEC CHECKSUMS:
  AFMActionSheet: 4f30a6c02a3b5fc35ef23e6c155f9b36c05007c5
  FBSnapshotTestCase: 7e85180d0d141a0cf472352edda7e80d7eaeb547
  Nimble: 79d40f4d69d47314229bbabacaa02b8838c779b9
  Nimble-Snapshots: ab41dd737dcd33a0b0cb005a30465fef70b7207a
  Quick: a5221fc21788b6aeda934805e68b061839bc3165

COCOAPODS: 0.39.0
